// !$*UTF8*$!
{
	archiveVersion = 1;
	classes = {
	};
	objectVersion = 46;
	objects = {

/* Begin PBXBuildFile section */
		76A94A1E451B5723BB8E152F /* Pods_Elite_Condos.framework in Frameworks */ = {isa = PBXBuildFile; fileRef = EFCDFA6E1F512AFF638BD72C /* Pods_Elite_Condos.framework */; };
		D205619F1DD70A4D008B7EB5 /* CircleImage.swift in Sources */ = {isa = PBXBuildFile; fileRef = D205619E1DD70A4D008B7EB5 /* CircleImage.swift */; };
		D20C5C9F1E0031FD00D15C92 /* SupplierCell.swift in Sources */ = {isa = PBXBuildFile; fileRef = D20C5C9E1E0031FD00D15C92 /* SupplierCell.swift */; };
		D20C5CA11E00484200D15C92 /* ServiceListCell.swift in Sources */ = {isa = PBXBuildFile; fileRef = D20C5CA01E00484100D15C92 /* ServiceListCell.swift */; };
		D20C5CA61E004BFB00D15C92 /* PriceTag.swift in Sources */ = {isa = PBXBuildFile; fileRef = D20C5CA51E004BFB00D15C92 /* PriceTag.swift */; };
		D20E96121E798C7900A8F3EE /* ServiceCell.swift in Sources */ = {isa = PBXBuildFile; fileRef = D20E96111E798C7900A8F3EE /* ServiceCell.swift */; };
		D20E96141E798DC000A8F3EE /* HomeVC.swift in Sources */ = {isa = PBXBuildFile; fileRef = D20E96131E798DC000A8F3EE /* HomeVC.swift */; };
		D20E96161E79924400A8F3EE /* SubCategoryVC.swift in Sources */ = {isa = PBXBuildFile; fileRef = D20E96151E79924400A8F3EE /* SubCategoryVC.swift */; };
		D20E96181E79943500A8F3EE /* SubCategoryCell.swift in Sources */ = {isa = PBXBuildFile; fileRef = D20E96171E79943500A8F3EE /* SubCategoryCell.swift */; };
		D2154FBB1DE91D5600D0DF23 /* Order.swift in Sources */ = {isa = PBXBuildFile; fileRef = D2154FBA1DE91D5600D0DF23 /* Order.swift */; };
		D2159A0A1E7B787E006517B2 /* PopupPhotoPickerVC.swift in Sources */ = {isa = PBXBuildFile; fileRef = D2159A091E7B787E006517B2 /* PopupPhotoPickerVC.swift */; };
		D2159A0C1E7B7AEA006517B2 /* PopupPhotoCell.swift in Sources */ = {isa = PBXBuildFile; fileRef = D2159A0B1E7B7AEA006517B2 /* PopupPhotoCell.swift */; };
		D2159A0E1E7B8A70006517B2 /* OrderApi.swift in Sources */ = {isa = PBXBuildFile; fileRef = D2159A0D1E7B8A70006517B2 /* OrderApi.swift */; };
		D2159A111E7B8B3D006517B2 /* Api.swift in Sources */ = {isa = PBXBuildFile; fileRef = D2159A101E7B8B3D006517B2 /* Api.swift */; };
		D21DA0821E98CE6C005BE50A /* SupplierApi.swift in Sources */ = {isa = PBXBuildFile; fileRef = D21DA0811E98CE6C005BE50A /* SupplierApi.swift */; };
		D21DA0841E98D025005BE50A /* SupplierListVC.swift in Sources */ = {isa = PBXBuildFile; fileRef = D21DA0831E98D025005BE50A /* SupplierListVC.swift */; };
		D23B2FF51DE095BA00EF6A19 /* CartCell.swift in Sources */ = {isa = PBXBuildFile; fileRef = D23B2FF41DE095BA00EF6A19 /* CartCell.swift */; };
		D23ECC161DF1A9F2002B6E1D /* CosmosDistrib.swift in Sources */ = {isa = PBXBuildFile; fileRef = D23ECC151DF1A9F2002B6E1D /* CosmosDistrib.swift */; };
		D2411EC31E8CEEFE0022C468 /* PasswordUpdateVC.swift in Sources */ = {isa = PBXBuildFile; fileRef = D2411EC21E8CEEFE0022C468 /* PasswordUpdateVC.swift */; };
		D2411EC51E8CFC8C0022C468 /* PasswordForgetVC.swift in Sources */ = {isa = PBXBuildFile; fileRef = D2411EC41E8CFC8C0022C468 /* PasswordForgetVC.swift */; };
		D24459241DDDED4200F51EE6 /* RandomString.swift in Sources */ = {isa = PBXBuildFile; fileRef = D24459231DDDED4200F51EE6 /* RandomString.swift */; };
		D24459261DDDF2FB00F51EE6 /* Service.swift in Sources */ = {isa = PBXBuildFile; fileRef = D24459251DDDF2FB00F51EE6 /* Service.swift */; };
		D2502C161DC8E2DF009189E7 /* AppDelegate.swift in Sources */ = {isa = PBXBuildFile; fileRef = D2502C151DC8E2DF009189E7 /* AppDelegate.swift */; };
		D2502C201DC8E2DF009189E7 /* LaunchScreen.storyboard in Resources */ = {isa = PBXBuildFile; fileRef = D2502C1E1DC8E2DF009189E7 /* LaunchScreen.storyboard */; };
		D2502C281DC8E2F7009189E7 /* GoogleService-Info.plist in Resources */ = {isa = PBXBuildFile; fileRef = D2502C271DC8E2F7009189E7 /* GoogleService-Info.plist */; };
		D25556C41DD9B9C4004E7649 /* FirRef.swift in Sources */ = {isa = PBXBuildFile; fileRef = D25556C31DD9B9C4004E7649 /* FirRef.swift */; };
		D25556C81DD9C56D004E7649 /* Errors.swift in Sources */ = {isa = PBXBuildFile; fileRef = D25556C71DD9C56D004E7649 /* Errors.swift */; };
		D25556CC1DDA0D3B004E7649 /* Start.storyboard in Resources */ = {isa = PBXBuildFile; fileRef = D25556CA1DDA0D3B004E7649 /* Start.storyboard */; };
		D25556CF1DDA7A88004E7649 /* Supplier.swift in Sources */ = {isa = PBXBuildFile; fileRef = D25556CE1DDA7A88004E7649 /* Supplier.swift */; };
		D2598BDB1E7938080096769D /* Home.storyboard in Resources */ = {isa = PBXBuildFile; fileRef = D2598BDA1E7938080096769D /* Home.storyboard */; };
		D2598BDD1E7938AB0096769D /* ServiceData.swift in Sources */ = {isa = PBXBuildFile; fileRef = D2598BDC1E7938AB0096769D /* ServiceData.swift */; };
		D26A506E1EA355AF009B6BD0 /* Review.swift in Sources */ = {isa = PBXBuildFile; fileRef = D26A506D1EA355AF009B6BD0 /* Review.swift */; };
		D28EE7C51DD95A9600BCE1E9 /* FancyBtn.swift in Sources */ = {isa = PBXBuildFile; fileRef = D28EE7C11DD95A9600BCE1E9 /* FancyBtn.swift */; };
		D28EE7C61DD95A9600BCE1E9 /* FancyField.swift in Sources */ = {isa = PBXBuildFile; fileRef = D28EE7C21DD95A9600BCE1E9 /* FancyField.swift */; };
		D28EE7C71DD95A9600BCE1E9 /* FancyView.swift in Sources */ = {isa = PBXBuildFile; fileRef = D28EE7C31DD95A9600BCE1E9 /* FancyView.swift */; };
		D28EE7C81DD95A9600BCE1E9 /* RoundBtn.swift in Sources */ = {isa = PBXBuildFile; fileRef = D28EE7C41DD95A9600BCE1E9 /* RoundBtn.swift */; };
		D28EE7CB1DD95AF200BCE1E9 /* Constant.swift in Sources */ = {isa = PBXBuildFile; fileRef = D28EE7CA1DD95AF200BCE1E9 /* Constant.swift */; };
		D28EE7CD1DD9731000BCE1E9 /* LoginVC.swift in Sources */ = {isa = PBXBuildFile; fileRef = D28EE7CC1DD9731000BCE1E9 /* LoginVC.swift */; };
		D28EE7CF1DD9762900BCE1E9 /* StartVC.swift in Sources */ = {isa = PBXBuildFile; fileRef = D28EE7CE1DD9762900BCE1E9 /* StartVC.swift */; };
		D29967F01DCA28F600D1A2B5 /* Ubuntu-Bold.ttf in Resources */ = {isa = PBXBuildFile; fileRef = D29967E81DCA28F600D1A2B5 /* Ubuntu-Bold.ttf */; };
		D29967F11DCA28F600D1A2B5 /* Ubuntu-BoldItalic.ttf in Resources */ = {isa = PBXBuildFile; fileRef = D29967E91DCA28F600D1A2B5 /* Ubuntu-BoldItalic.ttf */; };
		D29967F21DCA28F600D1A2B5 /* Ubuntu-Italic.ttf in Resources */ = {isa = PBXBuildFile; fileRef = D29967EA1DCA28F600D1A2B5 /* Ubuntu-Italic.ttf */; };
		D29967F31DCA28F600D1A2B5 /* Ubuntu-Light.ttf in Resources */ = {isa = PBXBuildFile; fileRef = D29967EB1DCA28F600D1A2B5 /* Ubuntu-Light.ttf */; };
		D29967F41DCA28F600D1A2B5 /* Ubuntu-LightItalic.ttf in Resources */ = {isa = PBXBuildFile; fileRef = D29967EC1DCA28F600D1A2B5 /* Ubuntu-LightItalic.ttf */; };
		D29967F51DCA28F600D1A2B5 /* Ubuntu-Medium.ttf in Resources */ = {isa = PBXBuildFile; fileRef = D29967ED1DCA28F600D1A2B5 /* Ubuntu-Medium.ttf */; };
		D29967F61DCA28F600D1A2B5 /* Ubuntu-MediumItalic.ttf in Resources */ = {isa = PBXBuildFile; fileRef = D29967EE1DCA28F600D1A2B5 /* Ubuntu-MediumItalic.ttf */; };
		D29967F71DCA28F600D1A2B5 /* Ubuntu-Regular.ttf in Resources */ = {isa = PBXBuildFile; fileRef = D29967EF1DCA28F600D1A2B5 /* Ubuntu-Regular.ttf */; };
		D29C36051DE97B5000034404 /* Customer_OrderCell.swift in Sources */ = {isa = PBXBuildFile; fileRef = D29C36041DE97B5000034404 /* Customer_OrderCell.swift */; };
		D2B5E66B1E9B1F4B003489C2 /* ReviewVC.swift in Sources */ = {isa = PBXBuildFile; fileRef = D2B5E66A1E9B1F4B003489C2 /* ReviewVC.swift */; };
		D2B5E66D1E9B1F64003489C2 /* PaymentConfirmationVC.swift in Sources */ = {isa = PBXBuildFile; fileRef = D2B5E66C1E9B1F64003489C2 /* PaymentConfirmationVC.swift */; };
		D2B5E66F1E9B2643003489C2 /* PriceTagCell.swift in Sources */ = {isa = PBXBuildFile; fileRef = D2B5E66E1E9B2643003489C2 /* PriceTagCell.swift */; };
		D2BC647C1E7A23500031FA31 /* OrderDescription.swift in Sources */ = {isa = PBXBuildFile; fileRef = D2BC647B1E7A23500031FA31 /* OrderDescription.swift */; };
		D2BC647E1E7A24C80031FA31 /* DescriptionVC.swift in Sources */ = {isa = PBXBuildFile; fileRef = D2BC647D1E7A24C80031FA31 /* DescriptionVC.swift */; };
		D2BF5B121DCF8206002534EC /* Assets.xcassets in Resources */ = {isa = PBXBuildFile; fileRef = D2BF5B111DCF8206002534EC /* Assets.xcassets */; };
		D2CFB66C1E7FC35E00618683 /* MyJobsVC.swift in Sources */ = {isa = PBXBuildFile; fileRef = D2CFB66B1E7FC35E00618683 /* MyJobsVC.swift */; };
		D2CFB66E1E7FC36A00618683 /* AccountVC.swift in Sources */ = {isa = PBXBuildFile; fileRef = D2CFB66D1E7FC36A00618683 /* AccountVC.swift */; };
		D2D5E4521E8100890031F79F /* UserApi.swift in Sources */ = {isa = PBXBuildFile; fileRef = D2D5E4511E8100890031F79F /* UserApi.swift */; };
		D2D5E4541E8107FE0031F79F /* SignUpVC.swift in Sources */ = {isa = PBXBuildFile; fileRef = D2D5E4531E8107FE0031F79F /* SignUpVC.swift */; };
		D2D66D871E7C15540029345F /* DateTimePicker.swift in Sources */ = {isa = PBXBuildFile; fileRef = D2D66D841E7C15540029345F /* DateTimePicker.swift */; };
		D2D66D881E7C15540029345F /* DateCollectionViewCell.swift in Sources */ = {isa = PBXBuildFile; fileRef = D2D66D851E7C15540029345F /* DateCollectionViewCell.swift */; };
		D2D66D891E7C15540029345F /* StepCollectionViewFlowLayout.swift in Sources */ = {isa = PBXBuildFile; fileRef = D2D66D861E7C15540029345F /* StepCollectionViewFlowLayout.swift */; };
		D2F5CD4C1DDE932200FC7E42 /* Employee.swift in Sources */ = {isa = PBXBuildFile; fileRef = D2F5CD4B1DDE932200FC7E42 /* Employee.swift */; };
/* End PBXBuildFile section */

/* Begin PBXFileReference section */
		1A2DB76E2C84FC70E8641646 /* Pods-Elite Condos.debug.xcconfig */ = {isa = PBXFileReference; includeInIndex = 1; lastKnownFileType = text.xcconfig; name = "Pods-Elite Condos.debug.xcconfig"; path = "Pods/Target Support Files/Pods-Elite Condos/Pods-Elite Condos.debug.xcconfig"; sourceTree = "<group>"; };
		BBD4C63D37E5B346324C4F4F /* Pods-Elite Condos.release.xcconfig */ = {isa = PBXFileReference; includeInIndex = 1; lastKnownFileType = text.xcconfig; name = "Pods-Elite Condos.release.xcconfig"; path = "Pods/Target Support Files/Pods-Elite Condos/Pods-Elite Condos.release.xcconfig"; sourceTree = "<group>"; };
		D205619E1DD70A4D008B7EB5 /* CircleImage.swift */ = {isa = PBXFileReference; fileEncoding = 4; lastKnownFileType = sourcecode.swift; path = CircleImage.swift; sourceTree = "<group>"; };
		D20C5C9E1E0031FD00D15C92 /* SupplierCell.swift */ = {isa = PBXFileReference; fileEncoding = 4; lastKnownFileType = sourcecode.swift; path = SupplierCell.swift; sourceTree = "<group>"; };
		D20C5CA01E00484100D15C92 /* ServiceListCell.swift */ = {isa = PBXFileReference; fileEncoding = 4; lastKnownFileType = sourcecode.swift; path = ServiceListCell.swift; sourceTree = "<group>"; };
		D20C5CA51E004BFB00D15C92 /* PriceTag.swift */ = {isa = PBXFileReference; fileEncoding = 4; lastKnownFileType = sourcecode.swift; path = PriceTag.swift; sourceTree = "<group>"; };
		D20E96111E798C7900A8F3EE /* ServiceCell.swift */ = {isa = PBXFileReference; fileEncoding = 4; lastKnownFileType = sourcecode.swift; path = ServiceCell.swift; sourceTree = "<group>"; };
		D20E96131E798DC000A8F3EE /* HomeVC.swift */ = {isa = PBXFileReference; fileEncoding = 4; lastKnownFileType = sourcecode.swift; path = HomeVC.swift; sourceTree = "<group>"; };
		D20E96151E79924400A8F3EE /* SubCategoryVC.swift */ = {isa = PBXFileReference; fileEncoding = 4; lastKnownFileType = sourcecode.swift; path = SubCategoryVC.swift; sourceTree = "<group>"; };
		D20E96171E79943500A8F3EE /* SubCategoryCell.swift */ = {isa = PBXFileReference; fileEncoding = 4; lastKnownFileType = sourcecode.swift; path = SubCategoryCell.swift; sourceTree = "<group>"; };
		D2154FBA1DE91D5600D0DF23 /* Order.swift */ = {isa = PBXFileReference; fileEncoding = 4; lastKnownFileType = sourcecode.swift; path = Order.swift; sourceTree = "<group>"; };
		D2159A091E7B787E006517B2 /* PopupPhotoPickerVC.swift */ = {isa = PBXFileReference; fileEncoding = 4; lastKnownFileType = sourcecode.swift; path = PopupPhotoPickerVC.swift; sourceTree = "<group>"; };
		D2159A0B1E7B7AEA006517B2 /* PopupPhotoCell.swift */ = {isa = PBXFileReference; fileEncoding = 4; lastKnownFileType = sourcecode.swift; path = PopupPhotoCell.swift; sourceTree = "<group>"; };
		D2159A0D1E7B8A70006517B2 /* OrderApi.swift */ = {isa = PBXFileReference; fileEncoding = 4; lastKnownFileType = sourcecode.swift; path = OrderApi.swift; sourceTree = "<group>"; };
		D2159A101E7B8B3D006517B2 /* Api.swift */ = {isa = PBXFileReference; fileEncoding = 4; lastKnownFileType = sourcecode.swift; path = Api.swift; sourceTree = "<group>"; };
		D21DA0811E98CE6C005BE50A /* SupplierApi.swift */ = {isa = PBXFileReference; fileEncoding = 4; lastKnownFileType = sourcecode.swift; path = SupplierApi.swift; sourceTree = "<group>"; };
		D21DA0831E98D025005BE50A /* SupplierListVC.swift */ = {isa = PBXFileReference; fileEncoding = 4; lastKnownFileType = sourcecode.swift; path = SupplierListVC.swift; sourceTree = "<group>"; };
		D23B2FF41DE095BA00EF6A19 /* CartCell.swift */ = {isa = PBXFileReference; fileEncoding = 4; lastKnownFileType = sourcecode.swift; path = CartCell.swift; sourceTree = "<group>"; };
		D23ECC151DF1A9F2002B6E1D /* CosmosDistrib.swift */ = {isa = PBXFileReference; fileEncoding = 4; lastKnownFileType = sourcecode.swift; path = CosmosDistrib.swift; sourceTree = "<group>"; };
		D2411EC21E8CEEFE0022C468 /* PasswordUpdateVC.swift */ = {isa = PBXFileReference; fileEncoding = 4; lastKnownFileType = sourcecode.swift; path = PasswordUpdateVC.swift; sourceTree = "<group>"; };
		D2411EC41E8CFC8C0022C468 /* PasswordForgetVC.swift */ = {isa = PBXFileReference; fileEncoding = 4; lastKnownFileType = sourcecode.swift; path = PasswordForgetVC.swift; sourceTree = "<group>"; };
		D24459231DDDED4200F51EE6 /* RandomString.swift */ = {isa = PBXFileReference; fileEncoding = 4; lastKnownFileType = sourcecode.swift; path = RandomString.swift; sourceTree = "<group>"; };
		D24459251DDDF2FB00F51EE6 /* Service.swift */ = {isa = PBXFileReference; fileEncoding = 4; lastKnownFileType = sourcecode.swift; path = Service.swift; sourceTree = "<group>"; };
		D2502C121DC8E2DF009189E7 /* Elite Condos.app */ = {isa = PBXFileReference; explicitFileType = wrapper.application; includeInIndex = 0; path = "Elite Condos.app"; sourceTree = BUILT_PRODUCTS_DIR; };
		D2502C151DC8E2DF009189E7 /* AppDelegate.swift */ = {isa = PBXFileReference; lastKnownFileType = sourcecode.swift; path = AppDelegate.swift; sourceTree = "<group>"; };
		D2502C1F1DC8E2DF009189E7 /* Base */ = {isa = PBXFileReference; lastKnownFileType = file.storyboard; name = Base; path = Base.lproj/LaunchScreen.storyboard; sourceTree = "<group>"; };
		D2502C211DC8E2DF009189E7 /* Info.plist */ = {isa = PBXFileReference; lastKnownFileType = text.plist.xml; path = Info.plist; sourceTree = "<group>"; };
		D2502C271DC8E2F7009189E7 /* GoogleService-Info.plist */ = {isa = PBXFileReference; fileEncoding = 4; lastKnownFileType = text.plist.xml; path = "GoogleService-Info.plist"; sourceTree = "<group>"; };
		D25556C31DD9B9C4004E7649 /* FirRef.swift */ = {isa = PBXFileReference; fileEncoding = 4; lastKnownFileType = sourcecode.swift; path = FirRef.swift; sourceTree = "<group>"; };
		D25556C71DD9C56D004E7649 /* Errors.swift */ = {isa = PBXFileReference; fileEncoding = 4; lastKnownFileType = sourcecode.swift; path = Errors.swift; sourceTree = "<group>"; };
		D25556C91DD9C837004E7649 /* Elite Condos.entitlements */ = {isa = PBXFileReference; lastKnownFileType = text.plist.entitlements; path = "Elite Condos.entitlements"; sourceTree = "<group>"; };
		D25556CB1DDA0D3B004E7649 /* Base */ = {isa = PBXFileReference; lastKnownFileType = file.storyboard; name = Base; path = Base.lproj/Start.storyboard; sourceTree = "<group>"; };
		D25556CE1DDA7A88004E7649 /* Supplier.swift */ = {isa = PBXFileReference; fileEncoding = 4; lastKnownFileType = sourcecode.swift; path = Supplier.swift; sourceTree = "<group>"; };
		D2598BDA1E7938080096769D /* Home.storyboard */ = {isa = PBXFileReference; fileEncoding = 4; lastKnownFileType = file.storyboard; path = Home.storyboard; sourceTree = "<group>"; };
		D2598BDC1E7938AB0096769D /* ServiceData.swift */ = {isa = PBXFileReference; fileEncoding = 4; lastKnownFileType = sourcecode.swift; path = ServiceData.swift; sourceTree = "<group>"; };
		D26A506D1EA355AF009B6BD0 /* Review.swift */ = {isa = PBXFileReference; fileEncoding = 4; lastKnownFileType = sourcecode.swift; path = Review.swift; sourceTree = "<group>"; };
		D28EE7C11DD95A9600BCE1E9 /* FancyBtn.swift */ = {isa = PBXFileReference; fileEncoding = 4; lastKnownFileType = sourcecode.swift; path = FancyBtn.swift; sourceTree = "<group>"; };
		D28EE7C21DD95A9600BCE1E9 /* FancyField.swift */ = {isa = PBXFileReference; fileEncoding = 4; lastKnownFileType = sourcecode.swift; path = FancyField.swift; sourceTree = "<group>"; };
		D28EE7C31DD95A9600BCE1E9 /* FancyView.swift */ = {isa = PBXFileReference; fileEncoding = 4; lastKnownFileType = sourcecode.swift; path = FancyView.swift; sourceTree = "<group>"; };
		D28EE7C41DD95A9600BCE1E9 /* RoundBtn.swift */ = {isa = PBXFileReference; fileEncoding = 4; lastKnownFileType = sourcecode.swift; path = RoundBtn.swift; sourceTree = "<group>"; };
		D28EE7CA1DD95AF200BCE1E9 /* Constant.swift */ = {isa = PBXFileReference; fileEncoding = 4; lastKnownFileType = sourcecode.swift; path = Constant.swift; sourceTree = "<group>"; };
		D28EE7CC1DD9731000BCE1E9 /* LoginVC.swift */ = {isa = PBXFileReference; fileEncoding = 4; lastKnownFileType = sourcecode.swift; path = LoginVC.swift; sourceTree = "<group>"; };
		D28EE7CE1DD9762900BCE1E9 /* StartVC.swift */ = {isa = PBXFileReference; fileEncoding = 4; lastKnownFileType = sourcecode.swift; path = StartVC.swift; sourceTree = "<group>"; };
		D29967E81DCA28F600D1A2B5 /* Ubuntu-Bold.ttf */ = {isa = PBXFileReference; lastKnownFileType = file; path = "Ubuntu-Bold.ttf"; sourceTree = "<group>"; };
		D29967E91DCA28F600D1A2B5 /* Ubuntu-BoldItalic.ttf */ = {isa = PBXFileReference; lastKnownFileType = file; path = "Ubuntu-BoldItalic.ttf"; sourceTree = "<group>"; };
		D29967EA1DCA28F600D1A2B5 /* Ubuntu-Italic.ttf */ = {isa = PBXFileReference; lastKnownFileType = file; path = "Ubuntu-Italic.ttf"; sourceTree = "<group>"; };
		D29967EB1DCA28F600D1A2B5 /* Ubuntu-Light.ttf */ = {isa = PBXFileReference; lastKnownFileType = file; path = "Ubuntu-Light.ttf"; sourceTree = "<group>"; };
		D29967EC1DCA28F600D1A2B5 /* Ubuntu-LightItalic.ttf */ = {isa = PBXFileReference; lastKnownFileType = file; path = "Ubuntu-LightItalic.ttf"; sourceTree = "<group>"; };
		D29967ED1DCA28F600D1A2B5 /* Ubuntu-Medium.ttf */ = {isa = PBXFileReference; lastKnownFileType = file; path = "Ubuntu-Medium.ttf"; sourceTree = "<group>"; };
		D29967EE1DCA28F600D1A2B5 /* Ubuntu-MediumItalic.ttf */ = {isa = PBXFileReference; lastKnownFileType = file; path = "Ubuntu-MediumItalic.ttf"; sourceTree = "<group>"; };
		D29967EF1DCA28F600D1A2B5 /* Ubuntu-Regular.ttf */ = {isa = PBXFileReference; lastKnownFileType = file; path = "Ubuntu-Regular.ttf"; sourceTree = "<group>"; };
		D29C36041DE97B5000034404 /* Customer_OrderCell.swift */ = {isa = PBXFileReference; fileEncoding = 4; lastKnownFileType = sourcecode.swift; path = Customer_OrderCell.swift; sourceTree = "<group>"; };
		D2B5E66A1E9B1F4B003489C2 /* ReviewVC.swift */ = {isa = PBXFileReference; fileEncoding = 4; lastKnownFileType = sourcecode.swift; path = ReviewVC.swift; sourceTree = "<group>"; };
		D2B5E66C1E9B1F64003489C2 /* PaymentConfirmationVC.swift */ = {isa = PBXFileReference; fileEncoding = 4; lastKnownFileType = sourcecode.swift; path = PaymentConfirmationVC.swift; sourceTree = "<group>"; };
		D2B5E66E1E9B2643003489C2 /* PriceTagCell.swift */ = {isa = PBXFileReference; fileEncoding = 4; lastKnownFileType = sourcecode.swift; path = PriceTagCell.swift; sourceTree = "<group>"; };
		D2BC647B1E7A23500031FA31 /* OrderDescription.swift */ = {isa = PBXFileReference; fileEncoding = 4; lastKnownFileType = sourcecode.swift; path = OrderDescription.swift; sourceTree = "<group>"; };
		D2BC647D1E7A24C80031FA31 /* DescriptionVC.swift */ = {isa = PBXFileReference; fileEncoding = 4; lastKnownFileType = sourcecode.swift; path = DescriptionVC.swift; sourceTree = "<group>"; };
		D2BF5B051DCEE2AE002534EC /* Elite Condos-Bridging-Header.h */ = {isa = PBXFileReference; lastKnownFileType = sourcecode.c.h; path = "Elite Condos-Bridging-Header.h"; sourceTree = "<group>"; };
		D2BF5B111DCF8206002534EC /* Assets.xcassets */ = {isa = PBXFileReference; lastKnownFileType = folder.assetcatalog; path = Assets.xcassets; sourceTree = "<group>"; };
		D2CFB66B1E7FC35E00618683 /* MyJobsVC.swift */ = {isa = PBXFileReference; fileEncoding = 4; lastKnownFileType = sourcecode.swift; path = MyJobsVC.swift; sourceTree = "<group>"; };
		D2CFB66D1E7FC36A00618683 /* AccountVC.swift */ = {isa = PBXFileReference; fileEncoding = 4; lastKnownFileType = sourcecode.swift; path = AccountVC.swift; sourceTree = "<group>"; };
		D2D5E4511E8100890031F79F /* UserApi.swift */ = {isa = PBXFileReference; fileEncoding = 4; lastKnownFileType = sourcecode.swift; path = UserApi.swift; sourceTree = "<group>"; };
		D2D5E4531E8107FE0031F79F /* SignUpVC.swift */ = {isa = PBXFileReference; fileEncoding = 4; lastKnownFileType = sourcecode.swift; path = SignUpVC.swift; sourceTree = "<group>"; };
		D2D66D841E7C15540029345F /* DateTimePicker.swift */ = {isa = PBXFileReference; fileEncoding = 4; lastKnownFileType = sourcecode.swift; path = DateTimePicker.swift; sourceTree = "<group>"; };
		D2D66D851E7C15540029345F /* DateCollectionViewCell.swift */ = {isa = PBXFileReference; fileEncoding = 4; lastKnownFileType = sourcecode.swift; path = DateCollectionViewCell.swift; sourceTree = "<group>"; };
		D2D66D861E7C15540029345F /* StepCollectionViewFlowLayout.swift */ = {isa = PBXFileReference; fileEncoding = 4; lastKnownFileType = sourcecode.swift; path = StepCollectionViewFlowLayout.swift; sourceTree = "<group>"; };
		D2F5CD4B1DDE932200FC7E42 /* Employee.swift */ = {isa = PBXFileReference; fileEncoding = 4; lastKnownFileType = sourcecode.swift; path = Employee.swift; sourceTree = "<group>"; };
		EFCDFA6E1F512AFF638BD72C /* Pods_Elite_Condos.framework */ = {isa = PBXFileReference; explicitFileType = wrapper.framework; includeInIndex = 0; path = Pods_Elite_Condos.framework; sourceTree = BUILT_PRODUCTS_DIR; };
/* End PBXFileReference section */

/* Begin PBXFrameworksBuildPhase section */
		D2502C0F1DC8E2DF009189E7 /* Frameworks */ = {
			isa = PBXFrameworksBuildPhase;
			buildActionMask = 2147483647;
			files = (
				76A94A1E451B5723BB8E152F /* Pods_Elite_Condos.framework in Frameworks */,
			);
			runOnlyForDeploymentPostprocessing = 0;
		};
/* End PBXFrameworksBuildPhase section */

/* Begin PBXGroup section */
		1C0AAAA989D2D7DAB09805AD /* Frameworks */ = {
			isa = PBXGroup;
			children = (
				EFCDFA6E1F512AFF638BD72C /* Pods_Elite_Condos.framework */,
			);
			name = Frameworks;
			sourceTree = "<group>";
		};
		64F1E42D0CC690C66DB6108B /* Pods */ = {
			isa = PBXGroup;
			children = (
				1A2DB76E2C84FC70E8641646 /* Pods-Elite Condos.debug.xcconfig */,
				BBD4C63D37E5B346324C4F4F /* Pods-Elite Condos.release.xcconfig */,
			);
			name = Pods;
			sourceTree = "<group>";
		};
		D2154FBC1DE9344A00D0DF23 /* CustomViews */ = {
			isa = PBXGroup;
			children = (
				D28EE7C11DD95A9600BCE1E9 /* FancyBtn.swift */,
				D28EE7C21DD95A9600BCE1E9 /* FancyField.swift */,
				D28EE7C31DD95A9600BCE1E9 /* FancyView.swift */,
				D28EE7C41DD95A9600BCE1E9 /* RoundBtn.swift */,
				D205619E1DD70A4D008B7EB5 /* CircleImage.swift */,
			);
			name = CustomViews;
			sourceTree = "<group>";
		};
		D2159A0F1E7B8B2F006517B2 /* Api */ = {
			isa = PBXGroup;
			children = (
				D25556C31DD9B9C4004E7649 /* FirRef.swift */,
				D2159A0D1E7B8A70006517B2 /* OrderApi.swift */,
				D2159A101E7B8B3D006517B2 /* Api.swift */,
				D2D5E4511E8100890031F79F /* UserApi.swift */,
				D21DA0811E98CE6C005BE50A /* SupplierApi.swift */,
			);
			name = Api;
			sourceTree = "<group>";
		};
		D2502C091DC8E2DF009189E7 = {
			isa = PBXGroup;
			children = (
				D2502C141DC8E2DF009189E7 /* Elite Condos */,
				D2502C131DC8E2DF009189E7 /* Products */,
				64F1E42D0CC690C66DB6108B /* Pods */,
				1C0AAAA989D2D7DAB09805AD /* Frameworks */,
			);
			sourceTree = "<group>";
		};
		D2502C131DC8E2DF009189E7 /* Products */ = {
			isa = PBXGroup;
			children = (
				D2502C121DC8E2DF009189E7 /* Elite Condos.app */,
			);
			name = Products;
			sourceTree = "<group>";
		};
		D2502C141DC8E2DF009189E7 /* Elite Condos */ = {
			isa = PBXGroup;
			children = (
				D25556C91DD9C837004E7649 /* Elite Condos.entitlements */,
				D2502C151DC8E2DF009189E7 /* AppDelegate.swift */,
				D2159A0F1E7B8B2F006517B2 /* Api */,
				D28EE7C91DD95AE500BCE1E9 /* Helpers */,
				D29967F81DCA292900D1A2B5 /* Controllers */,
				D2BF5B091DCEE2C4002534EC /* Lib */,
				D25556CD1DDA7A78004E7649 /* Models */,
				D2BF5B0C1DCF1DDD002534EC /* Views */,
				D2502C1E1DC8E2DF009189E7 /* LaunchScreen.storyboard */,
				D25556CA1DDA0D3B004E7649 /* Start.storyboard */,
				D2598BDA1E7938080096769D /* Home.storyboard */,
				D2502C211DC8E2DF009189E7 /* Info.plist */,
				D2BF5B111DCF8206002534EC /* Assets.xcassets */,
				D29967E71DCA28E200D1A2B5 /* Resources */,
				D2502C271DC8E2F7009189E7 /* GoogleService-Info.plist */,
			);
			path = "Elite Condos";
			sourceTree = "<group>";
		};
		D25556CD1DDA7A78004E7649 /* Models */ = {
			isa = PBXGroup;
			children = (
				D25556CE1DDA7A88004E7649 /* Supplier.swift */,
				D2F5CD4B1DDE932200FC7E42 /* Employee.swift */,
				D24459251DDDF2FB00F51EE6 /* Service.swift */,
				D2154FBA1DE91D5600D0DF23 /* Order.swift */,
				D20C5CA51E004BFB00D15C92 /* PriceTag.swift */,
				D2BC647B1E7A23500031FA31 /* OrderDescription.swift */,
				D26A506D1EA355AF009B6BD0 /* Review.swift */,
			);
			name = Models;
			sourceTree = "<group>";
		};
		D28EE7C91DD95AE500BCE1E9 /* Helpers */ = {
			isa = PBXGroup;
			children = (
				D28EE7CA1DD95AF200BCE1E9 /* Constant.swift */,
				D25556C71DD9C56D004E7649 /* Errors.swift */,
				D24459231DDDED4200F51EE6 /* RandomString.swift */,
				D2598BDC1E7938AB0096769D /* ServiceData.swift */,
			);
			name = Helpers;
			sourceTree = "<group>";
		};
		D29967E71DCA28E200D1A2B5 /* Resources */ = {
			isa = PBXGroup;
			children = (
				D29967E81DCA28F600D1A2B5 /* Ubuntu-Bold.ttf */,
				D29967E91DCA28F600D1A2B5 /* Ubuntu-BoldItalic.ttf */,
				D29967EA1DCA28F600D1A2B5 /* Ubuntu-Italic.ttf */,
				D29967EB1DCA28F600D1A2B5 /* Ubuntu-Light.ttf */,
				D29967EC1DCA28F600D1A2B5 /* Ubuntu-LightItalic.ttf */,
				D29967ED1DCA28F600D1A2B5 /* Ubuntu-Medium.ttf */,
				D29967EE1DCA28F600D1A2B5 /* Ubuntu-MediumItalic.ttf */,
				D29967EF1DCA28F600D1A2B5 /* Ubuntu-Regular.ttf */,
			);
			name = Resources;
			sourceTree = "<group>";
		};
		D29967F81DCA292900D1A2B5 /* Controllers */ = {
			isa = PBXGroup;
			children = (
				D20E96151E79924400A8F3EE /* SubCategoryVC.swift */,
				D2411EC21E8CEEFE0022C468 /* PasswordUpdateVC.swift */,
				D2411EC41E8CFC8C0022C468 /* PasswordForgetVC.swift */,
				D2BC647D1E7A24C80031FA31 /* DescriptionVC.swift */,
				D20E96131E798DC000A8F3EE /* HomeVC.swift */,
				D28EE7CC1DD9731000BCE1E9 /* LoginVC.swift */,
				D28EE7CE1DD9762900BCE1E9 /* StartVC.swift */,
				D2159A091E7B787E006517B2 /* PopupPhotoPickerVC.swift */,
				D2CFB66B1E7FC35E00618683 /* MyJobsVC.swift */,
				D2CFB66D1E7FC36A00618683 /* AccountVC.swift */,
				D2D5E4531E8107FE0031F79F /* SignUpVC.swift */,
				D21DA0831E98D025005BE50A /* SupplierListVC.swift */,
				D2B5E66A1E9B1F4B003489C2 /* ReviewVC.swift */,
				D2B5E66C1E9B1F64003489C2 /* PaymentConfirmationVC.swift */,
			);
			name = Controllers;
			sourceTree = "<group>";
		};
		D2BF5B091DCEE2C4002534EC /* Lib */ = {
			isa = PBXGroup;
			children = (
				D2D66D831E7C15460029345F /* DateTimePicker */,
				D23ECC151DF1A9F2002B6E1D /* CosmosDistrib.swift */,
				D2BF5B051DCEE2AE002534EC /* Elite Condos-Bridging-Header.h */,
			);
			name = Lib;
			sourceTree = "<group>";
		};
		D2BF5B0C1DCF1DDD002534EC /* Views */ = {
			isa = PBXGroup;
			children = (
				D23B2FF41DE095BA00EF6A19 /* CartCell.swift */,
				D2159A0B1E7B7AEA006517B2 /* PopupPhotoCell.swift */,
				D20E96111E798C7900A8F3EE /* ServiceCell.swift */,
				D20E96171E79943500A8F3EE /* SubCategoryCell.swift */,
				D29C36041DE97B5000034404 /* Customer_OrderCell.swift */,
				D2B5E66E1E9B2643003489C2 /* PriceTagCell.swift */,
				D20C5CA01E00484100D15C92 /* ServiceListCell.swift */,
				D20C5C9E1E0031FD00D15C92 /* SupplierCell.swift */,
				D2154FBC1DE9344A00D0DF23 /* CustomViews */,
			);
			name = Views;
			sourceTree = "<group>";
		};
		D2D66D831E7C15460029345F /* DateTimePicker */ = {
			isa = PBXGroup;
			children = (
				D2D66D841E7C15540029345F /* DateTimePicker.swift */,
				D2D66D851E7C15540029345F /* DateCollectionViewCell.swift */,
				D2D66D861E7C15540029345F /* StepCollectionViewFlowLayout.swift */,
			);
			name = DateTimePicker;
			sourceTree = "<group>";
		};
/* End PBXGroup section */

/* Begin PBXNativeTarget section */
		D2502C111DC8E2DF009189E7 /* Elite Condos */ = {
			isa = PBXNativeTarget;
			buildConfigurationList = D2502C241DC8E2DF009189E7 /* Build configuration list for PBXNativeTarget "Elite Condos" */;
			buildPhases = (
				8116199DF9C2DB5E5C1EF5B1 /* [CP] Check Pods Manifest.lock */,
				D2502C0E1DC8E2DF009189E7 /* Sources */,
				D2502C0F1DC8E2DF009189E7 /* Frameworks */,
				D2502C101DC8E2DF009189E7 /* Resources */,
				E2735CA72439F3241E3793A5 /* [CP] Embed Pods Frameworks */,
				A34A0070A86E87173839C4FF /* [CP] Copy Pods Resources */,
			);
			buildRules = (
			);
			dependencies = (
			);
			name = "Elite Condos";
			productName = "Elite Condos";
			productReference = D2502C121DC8E2DF009189E7 /* Elite Condos.app */;
			productType = "com.apple.product-type.application";
		};
/* End PBXNativeTarget section */

/* Begin PBXProject section */
		D2502C0A1DC8E2DF009189E7 /* Project object */ = {
			isa = PBXProject;
			attributes = {
				LastSwiftUpdateCheck = 0810;
				LastUpgradeCheck = 0810;
				ORGANIZATIONNAME = Khoa;
				TargetAttributes = {
					D2502C111DC8E2DF009189E7 = {
						CreatedOnToolsVersion = 8.1;
						DevelopmentTeam = 95C5AY3VSS;
						LastSwiftMigration = 0810;
						ProvisioningStyle = Automatic;
						SystemCapabilities = {
							com.apple.Keychain = {
								enabled = 1;
							};
							com.apple.Push = {
								enabled = 1;
							};
						};
					};
				};
			};
			buildConfigurationList = D2502C0D1DC8E2DF009189E7 /* Build configuration list for PBXProject "Elite Condos" */;
			compatibilityVersion = "Xcode 3.2";
			developmentRegion = English;
			hasScannedForEncodings = 0;
			knownRegions = (
				en,
				Base,
			);
			mainGroup = D2502C091DC8E2DF009189E7;
			productRefGroup = D2502C131DC8E2DF009189E7 /* Products */;
			projectDirPath = "";
			projectRoot = "";
			targets = (
				D2502C111DC8E2DF009189E7 /* Elite Condos */,
			);
		};
/* End PBXProject section */

/* Begin PBXResourcesBuildPhase section */
		D2502C101DC8E2DF009189E7 /* Resources */ = {
			isa = PBXResourcesBuildPhase;
			buildActionMask = 2147483647;
			files = (
				D29967F71DCA28F600D1A2B5 /* Ubuntu-Regular.ttf in Resources */,
				D29967F01DCA28F600D1A2B5 /* Ubuntu-Bold.ttf in Resources */,
				D2598BDB1E7938080096769D /* Home.storyboard in Resources */,
				D2502C201DC8E2DF009189E7 /* LaunchScreen.storyboard in Resources */,
				D25556CC1DDA0D3B004E7649 /* Start.storyboard in Resources */,
				D29967F11DCA28F600D1A2B5 /* Ubuntu-BoldItalic.ttf in Resources */,
				D29967F21DCA28F600D1A2B5 /* Ubuntu-Italic.ttf in Resources */,
				D29967F41DCA28F600D1A2B5 /* Ubuntu-LightItalic.ttf in Resources */,
				D29967F31DCA28F600D1A2B5 /* Ubuntu-Light.ttf in Resources */,
				D29967F51DCA28F600D1A2B5 /* Ubuntu-Medium.ttf in Resources */,
				D2502C281DC8E2F7009189E7 /* GoogleService-Info.plist in Resources */,
				D2BF5B121DCF8206002534EC /* Assets.xcassets in Resources */,
				D29967F61DCA28F600D1A2B5 /* Ubuntu-MediumItalic.ttf in Resources */,
			);
			runOnlyForDeploymentPostprocessing = 0;
		};
/* End PBXResourcesBuildPhase section */

/* Begin PBXShellScriptBuildPhase section */
		8116199DF9C2DB5E5C1EF5B1 /* [CP] Check Pods Manifest.lock */ = {
			isa = PBXShellScriptBuildPhase;
			buildActionMask = 2147483647;
			files = (
			);
			inputPaths = (
			);
			name = "[CP] Check Pods Manifest.lock";
			outputPaths = (
			);
			runOnlyForDeploymentPostprocessing = 0;
			shellPath = /bin/sh;
			shellScript = "diff \"${PODS_ROOT}/../Podfile.lock\" \"${PODS_ROOT}/Manifest.lock\" > /dev/null\nif [ $? != 0 ] ; then\n    # print error to STDERR\n    echo \"error: The sandbox is not in sync with the Podfile.lock. Run 'pod install' or update your CocoaPods installation.\" >&2\n    exit 1\nfi\n";
			showEnvVarsInLog = 0;
		};
		A34A0070A86E87173839C4FF /* [CP] Copy Pods Resources */ = {
			isa = PBXShellScriptBuildPhase;
			buildActionMask = 2147483647;
			files = (
			);
			inputPaths = (
			);
			name = "[CP] Copy Pods Resources";
			outputPaths = (
			);
			runOnlyForDeploymentPostprocessing = 0;
			shellPath = /bin/sh;
			shellScript = "\"${SRCROOT}/Pods/Target Support Files/Pods-Elite Condos/Pods-Elite Condos-resources.sh\"\n";
			showEnvVarsInLog = 0;
		};
		E2735CA72439F3241E3793A5 /* [CP] Embed Pods Frameworks */ = {
			isa = PBXShellScriptBuildPhase;
			buildActionMask = 2147483647;
			files = (
			);
			inputPaths = (
			);
			name = "[CP] Embed Pods Frameworks";
			outputPaths = (
			);
			runOnlyForDeploymentPostprocessing = 0;
			shellPath = /bin/sh;
			shellScript = "\"${SRCROOT}/Pods/Target Support Files/Pods-Elite Condos/Pods-Elite Condos-frameworks.sh\"\n";
			showEnvVarsInLog = 0;
		};
/* End PBXShellScriptBuildPhase section */

/* Begin PBXSourcesBuildPhase section */
		D2502C0E1DC8E2DF009189E7 /* Sources */ = {
			isa = PBXSourcesBuildPhase;
			buildActionMask = 2147483647;
			files = (
				D2411EC51E8CFC8C0022C468 /* PasswordForgetVC.swift in Sources */,
				D2B5E66B1E9B1F4B003489C2 /* ReviewVC.swift in Sources */,
				D28EE7C51DD95A9600BCE1E9 /* FancyBtn.swift in Sources */,
				D2159A0E1E7B8A70006517B2 /* OrderApi.swift in Sources */,
				D2BC647E1E7A24C80031FA31 /* DescriptionVC.swift in Sources */,
				D28EE7C71DD95A9600BCE1E9 /* FancyView.swift in Sources */,
				D205619F1DD70A4D008B7EB5 /* CircleImage.swift in Sources */,
				D29C36051DE97B5000034404 /* Customer_OrderCell.swift in Sources */,
				D24459261DDDF2FB00F51EE6 /* Service.swift in Sources */,
				D2159A0C1E7B7AEA006517B2 /* PopupPhotoCell.swift in Sources */,
				D2D5E4541E8107FE0031F79F /* SignUpVC.swift in Sources */,
				D24459241DDDED4200F51EE6 /* RandomString.swift in Sources */,
				D28EE7CB1DD95AF200BCE1E9 /* Constant.swift in Sources */,
				D20C5CA11E00484200D15C92 /* ServiceListCell.swift in Sources */,
				D21DA0821E98CE6C005BE50A /* SupplierApi.swift in Sources */,
				D20E96181E79943500A8F3EE /* SubCategoryCell.swift in Sources */,
				D2F5CD4C1DDE932200FC7E42 /* Employee.swift in Sources */,
				D2502C161DC8E2DF009189E7 /* AppDelegate.swift in Sources */,
				D23B2FF51DE095BA00EF6A19 /* CartCell.swift in Sources */,
				D20E96121E798C7900A8F3EE /* ServiceCell.swift in Sources */,
				D28EE7C81DD95A9600BCE1E9 /* RoundBtn.swift in Sources */,
				D28EE7C61DD95A9600BCE1E9 /* FancyField.swift in Sources */,
				D20E96141E798DC000A8F3EE /* HomeVC.swift in Sources */,
				D20C5C9F1E0031FD00D15C92 /* SupplierCell.swift in Sources */,
				D23ECC161DF1A9F2002B6E1D /* CosmosDistrib.swift in Sources */,
				D25556CF1DDA7A88004E7649 /* Supplier.swift in Sources */,
				D2CFB66C1E7FC35E00618683 /* MyJobsVC.swift in Sources */,
				D20C5CA61E004BFB00D15C92 /* PriceTag.swift in Sources */,
				D2D5E4521E8100890031F79F /* UserApi.swift in Sources */,
				D2154FBB1DE91D5600D0DF23 /* Order.swift in Sources */,
				D2BC647C1E7A23500031FA31 /* OrderDescription.swift in Sources */,
				D28EE7CD1DD9731000BCE1E9 /* LoginVC.swift in Sources */,
				D2D66D891E7C15540029345F /* StepCollectionViewFlowLayout.swift in Sources */,
				D2159A0A1E7B787E006517B2 /* PopupPhotoPickerVC.swift in Sources */,
				D2159A111E7B8B3D006517B2 /* Api.swift in Sources */,
				D20E96161E79924400A8F3EE /* SubCategoryVC.swift in Sources */,
				D28EE7CF1DD9762900BCE1E9 /* StartVC.swift in Sources */,
				D21DA0841E98D025005BE50A /* SupplierListVC.swift in Sources */,
				D2CFB66E1E7FC36A00618683 /* AccountVC.swift in Sources */,
				D2D66D871E7C15540029345F /* DateTimePicker.swift in Sources */,
				D2B5E66D1E9B1F64003489C2 /* PaymentConfirmationVC.swift in Sources */,
				D26A506E1EA355AF009B6BD0 /* Review.swift in Sources */,
				D2B5E66F1E9B2643003489C2 /* PriceTagCell.swift in Sources */,
				D25556C81DD9C56D004E7649 /* Errors.swift in Sources */,
				D25556C41DD9B9C4004E7649 /* FirRef.swift in Sources */,
				D2598BDD1E7938AB0096769D /* ServiceData.swift in Sources */,
				D2D66D881E7C15540029345F /* DateCollectionViewCell.swift in Sources */,
				D2411EC31E8CEEFE0022C468 /* PasswordUpdateVC.swift in Sources */,
			);
			runOnlyForDeploymentPostprocessing = 0;
		};
/* End PBXSourcesBuildPhase section */

/* Begin PBXVariantGroup section */
		D2502C1E1DC8E2DF009189E7 /* LaunchScreen.storyboard */ = {
			isa = PBXVariantGroup;
			children = (
				D2502C1F1DC8E2DF009189E7 /* Base */,
			);
			name = LaunchScreen.storyboard;
			sourceTree = "<group>";
		};
		D25556CA1DDA0D3B004E7649 /* Start.storyboard */ = {
			isa = PBXVariantGroup;
			children = (
				D25556CB1DDA0D3B004E7649 /* Base */,
			);
			name = Start.storyboard;
			sourceTree = "<group>";
		};
/* End PBXVariantGroup section */

/* Begin XCBuildConfiguration section */
		D2502C221DC8E2DF009189E7 /* Debug */ = {
			isa = XCBuildConfiguration;
			buildSettings = {
				ALWAYS_SEARCH_USER_PATHS = NO;
				CLANG_ANALYZER_NONNULL = YES;
				CLANG_CXX_LANGUAGE_STANDARD = "gnu++0x";
				CLANG_CXX_LIBRARY = "libc++";
				CLANG_ENABLE_MODULES = YES;
				CLANG_ENABLE_OBJC_ARC = YES;
				CLANG_WARN_BOOL_CONVERSION = YES;
				CLANG_WARN_CONSTANT_CONVERSION = YES;
				CLANG_WARN_DIRECT_OBJC_ISA_USAGE = YES_ERROR;
				CLANG_WARN_DOCUMENTATION_COMMENTS = YES;
				CLANG_WARN_EMPTY_BODY = YES;
				CLANG_WARN_ENUM_CONVERSION = YES;
				CLANG_WARN_INFINITE_RECURSION = YES;
				CLANG_WARN_INT_CONVERSION = YES;
				CLANG_WARN_OBJC_ROOT_CLASS = YES_ERROR;
				CLANG_WARN_SUSPICIOUS_MOVES = YES;
				CLANG_WARN_UNREACHABLE_CODE = YES;
				CLANG_WARN__DUPLICATE_METHOD_MATCH = YES;
				"CODE_SIGN_IDENTITY[sdk=iphoneos*]" = "iPhone Developer";
				COPY_PHASE_STRIP = NO;
				DEBUG_INFORMATION_FORMAT = dwarf;
				ENABLE_STRICT_OBJC_MSGSEND = YES;
				ENABLE_TESTABILITY = YES;
				GCC_C_LANGUAGE_STANDARD = gnu99;
				GCC_DYNAMIC_NO_PIC = NO;
				GCC_NO_COMMON_BLOCKS = YES;
				GCC_OPTIMIZATION_LEVEL = 0;
				GCC_PREPROCESSOR_DEFINITIONS = (
					"DEBUG=1",
					"$(inherited)",
				);
				GCC_WARN_64_TO_32_BIT_CONVERSION = YES;
				GCC_WARN_ABOUT_RETURN_TYPE = YES_ERROR;
				GCC_WARN_UNDECLARED_SELECTOR = YES;
				GCC_WARN_UNINITIALIZED_AUTOS = YES_AGGRESSIVE;
				GCC_WARN_UNUSED_FUNCTION = YES;
				GCC_WARN_UNUSED_VARIABLE = YES;
				IPHONEOS_DEPLOYMENT_TARGET = 10.1;
				MTL_ENABLE_DEBUG_INFO = YES;
				ONLY_ACTIVE_ARCH = YES;
				SDKROOT = iphoneos;
				SWIFT_ACTIVE_COMPILATION_CONDITIONS = DEBUG;
				SWIFT_OPTIMIZATION_LEVEL = "-Onone";
				TARGETED_DEVICE_FAMILY = "1,2";
			};
			name = Debug;
		};
		D2502C231DC8E2DF009189E7 /* Release */ = {
			isa = XCBuildConfiguration;
			buildSettings = {
				ALWAYS_SEARCH_USER_PATHS = NO;
				CLANG_ANALYZER_NONNULL = YES;
				CLANG_CXX_LANGUAGE_STANDARD = "gnu++0x";
				CLANG_CXX_LIBRARY = "libc++";
				CLANG_ENABLE_MODULES = YES;
				CLANG_ENABLE_OBJC_ARC = YES;
				CLANG_WARN_BOOL_CONVERSION = YES;
				CLANG_WARN_CONSTANT_CONVERSION = YES;
				CLANG_WARN_DIRECT_OBJC_ISA_USAGE = YES_ERROR;
				CLANG_WARN_DOCUMENTATION_COMMENTS = YES;
				CLANG_WARN_EMPTY_BODY = YES;
				CLANG_WARN_ENUM_CONVERSION = YES;
				CLANG_WARN_INFINITE_RECURSION = YES;
				CLANG_WARN_INT_CONVERSION = YES;
				CLANG_WARN_OBJC_ROOT_CLASS = YES_ERROR;
				CLANG_WARN_SUSPICIOUS_MOVES = YES;
				CLANG_WARN_UNREACHABLE_CODE = YES;
				CLANG_WARN__DUPLICATE_METHOD_MATCH = YES;
				"CODE_SIGN_IDENTITY[sdk=iphoneos*]" = "iPhone Developer";
				COPY_PHASE_STRIP = NO;
				DEBUG_INFORMATION_FORMAT = "dwarf-with-dsym";
				ENABLE_NS_ASSERTIONS = NO;
				ENABLE_STRICT_OBJC_MSGSEND = YES;
				GCC_C_LANGUAGE_STANDARD = gnu99;
				GCC_NO_COMMON_BLOCKS = YES;
				GCC_WARN_64_TO_32_BIT_CONVERSION = YES;
				GCC_WARN_ABOUT_RETURN_TYPE = YES_ERROR;
				GCC_WARN_UNDECLARED_SELECTOR = YES;
				GCC_WARN_UNINITIALIZED_AUTOS = YES_AGGRESSIVE;
				GCC_WARN_UNUSED_FUNCTION = YES;
				GCC_WARN_UNUSED_VARIABLE = YES;
				IPHONEOS_DEPLOYMENT_TARGET = 10.1;
				MTL_ENABLE_DEBUG_INFO = NO;
				SDKROOT = iphoneos;
				SWIFT_OPTIMIZATION_LEVEL = "-Owholemodule";
				TARGETED_DEVICE_FAMILY = "1,2";
				VALIDATE_PRODUCT = YES;
			};
			name = Release;
		};
		D2502C251DC8E2DF009189E7 /* Debug */ = {
			isa = XCBuildConfiguration;
			baseConfigurationReference = 1A2DB76E2C84FC70E8641646 /* Pods-Elite Condos.debug.xcconfig */;
			buildSettings = {
				ASSETCATALOG_COMPILER_APPICON_NAME = AppIcon;
				CLANG_ENABLE_MODULES = YES;
				CODE_SIGN_ENTITLEMENTS = "Elite Condos/Elite Condos.entitlements";
				DEVELOPMENT_TEAM = 95C5AY3VSS;
				INFOPLIST_FILE = "Elite Condos/Info.plist";
				IPHONEOS_DEPLOYMENT_TARGET = 9.3;
				LD_RUNPATH_SEARCH_PATHS = "$(inherited) @executable_path/Frameworks";
				PRODUCT_BUNDLE_IDENTIFIER = "com.Khoa.Elite-Condos";
				PRODUCT_NAME = "$(TARGET_NAME)";
				SWIFT_OBJC_BRIDGING_HEADER = "Elite Condos/Elite Condos-Bridging-Header.h";
				SWIFT_OPTIMIZATION_LEVEL = "-Onone";
				SWIFT_VERSION = 3.0;
				TARGETED_DEVICE_FAMILY = 1;
			};
			name = Debug;
		};
		D2502C261DC8E2DF009189E7 /* Release */ = {
			isa = XCBuildConfiguration;
			baseConfigurationReference = BBD4C63D37E5B346324C4F4F /* Pods-Elite Condos.release.xcconfig */;
			buildSettings = {
				ASSETCATALOG_COMPILER_APPICON_NAME = AppIcon;
				CLANG_ENABLE_MODULES = YES;
				CODE_SIGN_ENTITLEMENTS = "Elite Condos/Elite Condos.entitlements";
				DEVELOPMENT_TEAM = 95C5AY3VSS;
				INFOPLIST_FILE = "Elite Condos/Info.plist";
				IPHONEOS_DEPLOYMENT_TARGET = 9.3;
				LD_RUNPATH_SEARCH_PATHS = "$(inherited) @executable_path/Frameworks";
				PRODUCT_BUNDLE_IDENTIFIER = "com.Khoa.Elite-Condos";
				PRODUCT_NAME = "$(TARGET_NAME)";
				SWIFT_OBJC_BRIDGING_HEADER = "Elite Condos/Elite Condos-Bridging-Header.h";
				SWIFT_VERSION = 3.0;
				TARGETED_DEVICE_FAMILY = 1;
			};
			name = Release;
		};
/* End XCBuildConfiguration section */

/* Begin XCConfigurationList section */
		D2502C0D1DC8E2DF009189E7 /* Build configuration list for PBXProject "Elite Condos" */ = {
			isa = XCConfigurationList;
			buildConfigurations = (
				D2502C221DC8E2DF009189E7 /* Debug */,
				D2502C231DC8E2DF009189E7 /* Release */,
			);
			defaultConfigurationIsVisible = 0;
			defaultConfigurationName = Release;
		};
		D2502C241DC8E2DF009189E7 /* Build configuration list for PBXNativeTarget "Elite Condos" */ = {
			isa = XCConfigurationList;
			buildConfigurations = (
				D2502C251DC8E2DF009189E7 /* Debug */,
				D2502C261DC8E2DF009189E7 /* Release */,
			);
			defaultConfigurationIsVisible = 0;
			defaultConfigurationName = Release;
		};
/* End XCConfigurationList section */
	};
	rootObject = D2502C0A1DC8E2DF009189E7 /* Project object */;
}
